// !$*UTF8*$!
{
	archiveVersion = 1;
	classes = {
	};
	objectVersion = 46;
	objects = {

/* Begin PBXBuildFile section */
		01532DAA137C099F0076F6BF /* icon.png in Resources */ = {isa = PBXBuildFile; fileRef = 01532DA9137C099F0076F6BF /* icon.png */; };
		1D60589B0D05DD56006BFB54 /* main.m in Sources */ = {isa = PBXBuildFile; fileRef = 29B97316FDCFA39411CA2CEA /* main.m */; };
		2CB5F34717D5233A006187AB /* bridge.m in Sources */ = {isa = PBXBuildFile; fileRef = 2CB5F34617D5233A006187AB /* bridge.m */; };
		59738AB51A8BB5D8001B2C0C /* lib in Resources */ = {isa = PBXBuildFile; fileRef = 59738AB41A8BB5D8001B2C0C /* lib */; };
		59FDEA8B21E7D34E004E6ECE /* include in Resources */ = {isa = PBXBuildFile; fileRef = 59FDEA8A21E7D34E004E6ECE /* include */; };
		59738ABB1A8E19AA001B2C0C /* Images.xcassets in Resources */ = {isa = PBXBuildFile; fileRef = 59738ABA1A8E19AA001B2C0C /* Images.xcassets */; };
		59738ADB1A8E62D6001B2C0C /* Default-568h@2x.png in Resources */ = {isa = PBXBuildFile; fileRef = 59738AD01A8E62D6001B2C0C /* Default-568h@2x.png */; };
		59738ADC1A8E62D6001B2C0C /* Default-667h@2x.png in Resources */ = {isa = PBXBuildFile; fileRef = 59738AD11A8E62D6001B2C0C /* Default-667h@2x.png */; };
		59738ADD1A8E62D6001B2C0C /* Default-763h@3x.png in Resources */ = {isa = PBXBuildFile; fileRef = 59738AD21A8E62D6001B2C0C /* Default-763h@3x.png */; };
		59738ADE1A8E62D6001B2C0C /* Default-Landscape.png in Resources */ = {isa = PBXBuildFile; fileRef = 59738AD31A8E62D6001B2C0C /* Default-Landscape.png */; };
		59738ADF1A8E62D6001B2C0C /* Default-Landscape@2x.png in Resources */ = {isa = PBXBuildFile; fileRef = 59738AD41A8E62D6001B2C0C /* Default-Landscape@2x.png */; };
		59738AE01A8E62D6001B2C0C /* Default-Portrait.png in Resources */ = {isa = PBXBuildFile; fileRef = 59738AD51A8E62D6001B2C0C /* Default-Portrait.png */; };
		59738AE11A8E62D6001B2C0C /* Default-Portrait@2x~ipad.png in Resources */ = {isa = PBXBuildFile; fileRef = 59738AD61A8E62D6001B2C0C /* Default-Portrait@2x~ipad.png */; };
		59738AE21A8E62D6001B2C0C /* Default-Portrait@3x~ipad.png in Resources */ = {isa = PBXBuildFile; fileRef = 59738AD71A8E62D6001B2C0C /* Default-Portrait@3x~ipad.png */; };
		59738AE31A8E62D6001B2C0C /* Default.png in Resources */ = {isa = PBXBuildFile; fileRef = 59738AD81A8E62D6001B2C0C /* Default.png */; };
		59738AE41A8E62D6001B2C0C /* Default@2x.png in Resources */ = {isa = PBXBuildFile; fileRef = 59738AD91A8E62D6001B2C0C /* Default@2x.png */; };
		59738AE51A8E62D6001B2C0C /* Default@3x.png in Resources */ = {isa = PBXBuildFile; fileRef = 59738ADA1A8E62D6001B2C0C /* Default@3x.png */; };
		59994E3B148E85C800863906 /* YourApp in Resources */ = {isa = PBXBuildFile; fileRef = 59994E3A148E85C800863906 /* YourApp */; };
/* End PBXBuildFile section */

/* Begin PBXFileReference section */
		01532DA9137C099F0076F6BF /* icon.png */ = {isa = PBXFileReference; lastKnownFileType = image.png; path = icon.png; sourceTree = "<group>"; };
		1D6058910D05DD3D006BFB54 /* {{ cookiecutter.project_name }}.app */ = {isa = PBXFileReference; explicitFileType = wrapper.application; includeInIndex = 0; path = {{ cookiecutter.project_name }}.app; sourceTree = BUILT_PRODUCTS_DIR; };
		29B97316FDCFA39411CA2CEA /* main.m */ = {isa = PBXFileReference; fileEncoding = 4; lastKnownFileType = sourcecode.c.objc; path = main.m; sourceTree = "<group>"; };
		2CB5F34517D5233A006187AB /* bridge.h */ = {isa = PBXFileReference; fileEncoding = 4; lastKnownFileType = sourcecode.c.h; path = bridge.h; sourceTree = SOURCE_ROOT; };
		2CB5F34617D5233A006187AB /* bridge.m */ = {isa = PBXFileReference; fileEncoding = 4; lastKnownFileType = sourcecode.c.objc; path = bridge.m; sourceTree = SOURCE_ROOT; };
		59738AB41A8BB5D8001B2C0C /* lib */ = {isa = PBXFileReference; lastKnownFileType = folder; name = lib; path = {{ cookiecutter.dist_dir }}/root/python3/lib; sourceTree = "<group>"; };
		59FDEA8A21E7D34E004E6ECE /* include */ = {isa = PBXFileReference; lastKnownFileType = folder; name = include; path = {{ cookiecutter.dist_dir }}/root/python3/include; sourceTree = "<group>"; };
		59738ABA1A8E19AA001B2C0C /* Images.xcassets */ = {isa = PBXFileReference; lastKnownFileType = folder.assetcatalog; name = Images.xcassets; path = {{ cookiecutter.project_name }}/Images.xcassets; sourceTree = "<group>"; };
		59738AD01A8E62D6001B2C0C /* Default-568h@2x.png */ = {isa = PBXFileReference; lastKnownFileType = image.png; name = "Default-568h@2x.png"; path = "LaunchImages/Default-568h@2x.png"; sourceTree = "<group>"; };
		59738AD11A8E62D6001B2C0C /* Default-667h@2x.png */ = {isa = PBXFileReference; lastKnownFileType = image.png; name = "Default-667h@2x.png"; path = "LaunchImages/Default-667h@2x.png"; sourceTree = "<group>"; };
		59738AD21A8E62D6001B2C0C /* Default-763h@3x.png */ = {isa = PBXFileReference; lastKnownFileType = image.png; name = "Default-763h@3x.png"; path = "LaunchImages/Default-763h@3x.png"; sourceTree = "<group>"; };
		59738AD31A8E62D6001B2C0C /* Default-Landscape.png */ = {isa = PBXFileReference; lastKnownFileType = image.png; name = "Default-Landscape.png"; path = "LaunchImages/Default-Landscape.png"; sourceTree = "<group>"; };
		59738AD41A8E62D6001B2C0C /* Default-Landscape@2x.png */ = {isa = PBXFileReference; lastKnownFileType = image.png; name = "Default-Landscape@2x.png"; path = "LaunchImages/Default-Landscape@2x.png"; sourceTree = "<group>"; };
		59738AD51A8E62D6001B2C0C /* Default-Portrait.png */ = {isa = PBXFileReference; lastKnownFileType = image.png; name = "Default-Portrait.png"; path = "LaunchImages/Default-Portrait.png"; sourceTree = "<group>"; };
		59738AD61A8E62D6001B2C0C /* Default-Portrait@2x~ipad.png */ = {isa = PBXFileReference; lastKnownFileType = image.png; name = "Default-Portrait@2x~ipad.png"; path = "LaunchImages/Default-Portrait@2x~ipad.png"; sourceTree = "<group>"; };
		59738AD71A8E62D6001B2C0C /* Default-Portrait@3x~ipad.png */ = {isa = PBXFileReference; lastKnownFileType = image.png; name = "Default-Portrait@3x~ipad.png"; path = "LaunchImages/Default-Portrait@3x~ipad.png"; sourceTree = "<group>"; };
		59738AD81A8E62D6001B2C0C /* Default.png */ = {isa = PBXFileReference; lastKnownFileType = image.png; name = Default.png; path = LaunchImages/Default.png; sourceTree = "<group>"; };
		59738AD91A8E62D6001B2C0C /* Default@2x.png */ = {isa = PBXFileReference; lastKnownFileType = image.png; name = "Default@2x.png"; path = "LaunchImages/Default@2x.png"; sourceTree = "<group>"; };
		59738ADA1A8E62D6001B2C0C /* Default@3x.png */ = {isa = PBXFileReference; lastKnownFileType = image.png; name = "Default@3x.png"; path = "LaunchImages/Default@3x.png"; sourceTree = "<group>"; };
		59994E3A148E85C800863906 /* YourApp */ = {isa = PBXFileReference; lastKnownFileType = folder; path = YourApp; sourceTree = "<group>"; };
		8D1107310486CEB800E47090 /* {{ cookiecutter.project_name }}-Info.plist */ = {isa = PBXFileReference; fileEncoding = 4; lastKnownFileType = text.plist.xml; path = "{{ cookiecutter.project_name }}-Info.plist"; plistStructureDefinitionIdentifier = "com.apple.xcode.plist.structure-definition.iphone.info-plist"; sourceTree = "<group>"; };
/* End PBXFileReference section */

/* Begin PBXFrameworksBuildPhase section */
		1D60588F0D05DD3D006BFB54 /* Frameworks */ = {
			isa = PBXFrameworksBuildPhase;
			buildActionMask = 2147483647;
			files = (
			);
			runOnlyForDeploymentPostprocessing = 0;
		};
/* End PBXFrameworksBuildPhase section */

/* Begin PBXGroup section */
		080E96DDFE201D6D7F000001 /* Classes */ = {
			isa = PBXGroup;
			children = (
				2CB5F34517D5233A006187AB /* bridge.h */,
				2CB5F34617D5233A006187AB /* bridge.m */,
			);
			path = Classes;
			sourceTree = "<group>";
		};
		19C28FACFE9D520D11CA2CBB /* Products */ = {
			isa = PBXGroup;
			children = (
				1D6058910D05DD3D006BFB54 /* {{ cookiecutter.project_name }}.app */,
			);
			name = Products;
			sourceTree = "<group>";
		};
		29B97314FDCFA39411CA2CEA /* CustomTemplate */ = {
			isa = PBXGroup;
			children = (
				080E96DDFE201D6D7F000001 /* Classes */,
				29B97315FDCFA39411CA2CEA /* Sources */,
				29B97317FDCFA39411CA2CEA /* Resources */,
				29B97323FDCFA39411CA2CEA /* Frameworks */,
				19C28FACFE9D520D11CA2CBB /* Products */,
			);
			name = CustomTemplate;
			sourceTree = "<group>";
		};
		29B97315FDCFA39411CA2CEA /* Sources */ = {
			isa = PBXGroup;
			children = (
				29B97316FDCFA39411CA2CEA /* main.m */,
				59994E3A148E85C800863906 /* YourApp */,
			);
			name = "Sources";
			sourceTree = "<group>";
		};
		29B97317FDCFA39411CA2CEA /* Resources */ = {
			isa = PBXGroup;
			children = (
				59738ABA1A8E19AA001B2C0C /* Images.xcassets */,
				59738AB41A8BB5D8001B2C0C /* lib */,
				59FDEA8A21E7D34E004E6ECE /* include */,
				01532DA9137C099F0076F6BF /* icon.png */,
				8D1107310486CEB800E47090 /* {{ cookiecutter.project_name }}-Info.plist */,
				59738AD01A8E62D6001B2C0C /* Default-568h@2x.png */,
				59738AD11A8E62D6001B2C0C /* Default-667h@2x.png */,
				59738AD21A8E62D6001B2C0C /* Default-763h@3x.png */,
				59738AD31A8E62D6001B2C0C /* Default-Landscape.png */,
				59738AD41A8E62D6001B2C0C /* Default-Landscape@2x.png */,
				59738AD51A8E62D6001B2C0C /* Default-Portrait.png */,
				59738AD61A8E62D6001B2C0C /* Default-Portrait@2x~ipad.png */,
				59738AD71A8E62D6001B2C0C /* Default-Portrait@3x~ipad.png */,
				59738AD81A8E62D6001B2C0C /* Default.png */,
				59738AD91A8E62D6001B2C0C /* Default@2x.png */,
				59738ADA1A8E62D6001B2C0C /* Default@3x.png */,
			);
			name = Resources;
			sourceTree = "<group>";
		};
		29B97323FDCFA39411CA2CEA /* Frameworks */ = {
			isa = PBXGroup;
			children = (
			);
			name = Frameworks;
			sourceTree = "<group>";
		};
/* End PBXGroup section */

/* Begin PBXNativeTarget section */
		1D6058900D05DD3D006BFB54 /* {{ cookiecutter.project_name }} */ = {
			isa = PBXNativeTarget;
			buildConfigurationList = 1D6058960D05DD3E006BFB54 /* Build configuration list for PBXNativeTarget "{{ cookiecutter.project_name }}" */;
			buildPhases = (
				113D17E2153E3DB5001310A5 /* ShellScript */,
				113D17E2153E3DB5001310A6 /* ShellScript */,
				113D17E2153E3DB5001310A7 /* ShellScript */,
				1D60588D0D05DD3D006BFB54 /* Resources */,
				1D60588E0D05DD3D006BFB54 /* Sources */,
				1D60588F0D05DD3D006BFB54 /* Frameworks */,
			);
			buildRules = (
			);
			dependencies = (
			);
			name = {{ cookiecutter.project_name }};
			productName = {{ cookiecutter.project_name }};
			productReference = 1D6058910D05DD3D006BFB54 /* {{ cookiecutter.project_name }}.app */;
			productType = "com.apple.product-type.application";
		};
/* End PBXNativeTarget section */

/* Begin PBXProject section */
		29B97313FDCFA39411CA2CEA /* Project object */ = {
			isa = PBXProject;
			attributes = {
				LastUpgradeCheck = 0610;
			};
			buildConfigurationList = C01FCF4E08A954540054247B /* Build configuration list for PBXProject "{{ cookiecutter.project_name }}" */;
			compatibilityVersion = "Xcode 3.2";
			developmentRegion = English;
			hasScannedForEncodings = 1;
			knownRegions = (
				English,
				Japanese,
				French,
				German,
			);
			mainGroup = 29B97314FDCFA39411CA2CEA /* CustomTemplate */;
			projectDirPath = "";
			projectRoot = "";
			targets = (
				1D6058900D05DD3D006BFB54 /* {{ cookiecutter.project_name }} */,
			);
		};
/* End PBXProject section */

/* Begin PBXResourcesBuildPhase section */
		1D60588D0D05DD3D006BFB54 /* Resources */ = {
			isa = PBXResourcesBuildPhase;
			buildActionMask = 2147483647;
			files = (
				59738AE41A8E62D6001B2C0C /* Default@2x.png in Resources */,
				59738AB51A8BB5D8001B2C0C /* lib in Resources */,
				59FDEA8B21E7D34E004E6ECE /* include in Resources */,
				59738ABB1A8E19AA001B2C0C /* Images.xcassets in Resources */,
				59738ADE1A8E62D6001B2C0C /* Default-Landscape.png in Resources */,
				59738AE31A8E62D6001B2C0C /* Default.png in Resources */,
				01532DAA137C099F0076F6BF /* icon.png in Resources */,
				59994E3B148E85C800863906 /* YourApp in Resources */,
				59738AE11A8E62D6001B2C0C /* Default-Portrait@2x~ipad.png in Resources */,
				59738AE01A8E62D6001B2C0C /* Default-Portrait.png in Resources */,
				59738ADC1A8E62D6001B2C0C /* Default-667h@2x.png in Resources */,
				59738ADB1A8E62D6001B2C0C /* Default-568h@2x.png in Resources */,
				59738ADD1A8E62D6001B2C0C /* Default-763h@3x.png in Resources */,
				59738AE21A8E62D6001B2C0C /* Default-Portrait@3x~ipad.png in Resources */,
				59738AE51A8E62D6001B2C0C /* Default@3x.png in Resources */,
				59738ADF1A8E62D6001B2C0C /* Default-Landscape@2x.png in Resources */,
			);
			runOnlyForDeploymentPostprocessing = 0;
		};
/* End PBXResourcesBuildPhase section */

/* Begin PBXShellScriptBuildPhase section */
		113D17E2153E3DB5001310A5 /* ShellScript */ = {
			isa = PBXShellScriptBuildPhase;
			buildActionMask = 12;
			files = (
			);
			inputPaths = (
			);
			outputPaths = (
			);
			runOnlyForDeploymentPostprocessing = 0;
			shellPath = /bin/bash;
			shellScript = "rsync -av --delete \"{{ cookiecutter.project_dir }}\"/ \"$PROJECT_DIR\"/YourApp";
		};
/* End PBXShellScriptBuildPhase section */

/* Begin PBXShellScriptBuildPhase section */
		113D17E2153E3DB5001310A6 /* ShellScript */ = {
			isa = PBXShellScriptBuildPhase;
			buildActionMask = 12;
			files = (
			);
			inputPaths = (
			);
			outputPaths = (
			);
			runOnlyForDeploymentPostprocessing = 0;
			shellPath = /bin/bash;
			shellScript = "{{ cookiecutter.dist_dir }}/hostpython3/bin/python -m compileall -f -b \"$PROJECT_DIR\"/YourApp";
		};
/* End PBXShellScriptBuildPhase section */

/* Begin PBXShellScriptBuildPhase section */
		113D17E2153E3DB5001310A7 /* ShellScript */ = {
			isa = PBXShellScriptBuildPhase;
			buildActionMask = 12;
			files = (
			);
			inputPaths = (
			);
			outputPaths = (
			);
			runOnlyForDeploymentPostprocessing = 0;
			shellPath = /bin/bash;
			shellScript = "find \"$PROJECT_DIR\"/YourApp/ -regex '.*\\.py' -delete";
		};
/* End PBXShellScriptBuildPhase section */

/* Begin PBXSourcesBuildPhase section */
		1D60588E0D05DD3D006BFB54 /* Sources */ = {
			isa = PBXSourcesBuildPhase;
			buildActionMask = 2147483647;
			files = (
				1D60589B0D05DD56006BFB54 /* main.m in Sources */,
				2CB5F34717D5233A006187AB /* bridge.m in Sources */,
			);
			runOnlyForDeploymentPostprocessing = 0;
		};
/* End PBXSourcesBuildPhase section */

/* Begin XCBuildConfiguration section */
		1D6058940D05DD3E006BFB54 /* Debug */ = {
			isa = XCBuildConfiguration;
			buildSettings = {
				ALWAYS_SEARCH_USER_PATHS = NO;
				ASSETCATALOG_COMPILER_APPICON_NAME = AppIcon;
				CODE_SIGN_IDENTITY = "iPhone Developer";
				"CODE_SIGN_IDENTITY[sdk=iphoneos*]" = "iPhone Developer";
				COPY_PHASE_STRIP = NO;
				EXCLUDED_ARCHS = "";
				"EXCLUDED_ARCHS[sdk=iphonesimulator*]" = arm64;
				FRAMEWORK_SEARCH_PATHS = "{{ cookiecutter.dist_dir }}/frameworks";
				GCC_DYNAMIC_NO_PIC = NO;
				GCC_OPTIMIZATION_LEVEL = 0;
				GCC_PRECOMPILE_PREFIX_HEADER = YES;
				GCC_PREFIX_HEADER = "";
				GCC_PREPROCESSOR_DEFINITIONS = "DEBUG=1";
				GCC_VERSION = com.apple.compilers.llvm.clang.1_0;
				HEADER_SEARCH_PATHS = (
					"{{ cookiecutter.dist_dir }}/root/python3/include/python3.9/**",
					"{{ cookiecutter.dist_dir }}/include/common/sdl2",
				);
				INFOPLIST_FILE = "{{ cookiecutter.project_name }}-Info.plist";
				IPHONEOS_DEPLOYMENT_TARGET = 9.0;
				LIBRARY_SEARCH_PATHS = (
					"$(inherited)",
					"{{ cookiecutter.dist_dir }}/lib",
				);
				ONLY_ACTIVE_ARCH = NO;
				OTHER_LDFLAGS = "-all_load";
				PRODUCT_NAME = {{ cookiecutter.project_name }};
				PROVISIONING_PROFILE = "";
				"PROVISIONING_PROFILE[sdk=iphoneos*]" = "";
				SDKROOT = iphoneos;
				STRIP_INSTALLED_PRODUCT = NO;
				TARGETED_DEVICE_FAMILY = "1,2";
				USER_HEADER_SEARCH_PATHS = "";
			};
			name = Debug;
		};
		1D6058950D05DD3E006BFB54 /* Release */ = {
			isa = XCBuildConfiguration;
			buildSettings = {
				ALWAYS_SEARCH_USER_PATHS = NO;
				ASSETCATALOG_COMPILER_APPICON_NAME = AppIcon;
				CODE_SIGN_IDENTITY = "iPhone Developer";
				"CODE_SIGN_IDENTITY[sdk=iphoneos*]" = "iPhone Developer";
				CODE_SIGN_RESOURCE_RULES_PATH = "$(SDKROOT)/ResourceRules.plist";
				COPY_PHASE_STRIP = NO;
				EXCLUDED_ARCHS = "";
				"EXCLUDED_ARCHS[sdk=iphonesimulator*]" = arm64;
				FRAMEWORK_SEARCH_PATHS = "{{ cookiecutter.dist_dir }}/frameworks";
				GCC_PRECOMPILE_PREFIX_HEADER = YES;
				GCC_PREFIX_HEADER = "";
				GCC_VERSION = com.apple.compilers.llvm.clang.1_0;
				HEADER_SEARCH_PATHS = (
					"{{ cookiecutter.dist_dir }}/root/python3/include/python3.9/**",
					"{{ cookiecutter.dist_dir }}/include/common/sdl2",
				);
				INFOPLIST_FILE = "{{ cookiecutter.project_name }}-Info.plist";
				IPHONEOS_DEPLOYMENT_TARGET = 9.0;
				LIBRARY_SEARCH_PATHS = (
					"$(inherited)",
					"{{ cookiecutter.dist_dir }}/lib",
				);
				OTHER_LDFLAGS = "-all_load";
				PRODUCT_NAME = {{ cookiecutter.project_name }};
				PROVISIONING_PROFILE = "";
				"PROVISIONING_PROFILE[sdk=iphoneos*]" = "";
				SDKROOT = iphoneos;
				SKIP_INSTALL = NO;
				STRIP_INSTALLED_PRODUCT = NO;
				TARGETED_DEVICE_FAMILY = "1,2";
				VALIDATE_PRODUCT = YES;
				USER_HEADER_SEARCH_PATHS = "";
			};
			name = Release;
		};
		C01FCF4F08A954540054247B /* Debug */ = {
			isa = XCBuildConfiguration;
			buildSettings = {
				ARCHS = "$(ARCHS_STANDARD_64_BIT)";
				DEAD_CODE_STRIPPING = NO;
				ENABLE_BITCODE = NO;
				USER_HEADER_SEARCH_PATHS = {{ cookiecutter.dist_dir }}/root/include/;
			};
			name = Debug;
		};
		C01FCF5008A954540054247B /* Release */ = {
			isa = XCBuildConfiguration;
			buildSettings = {
				ARCHS = "$(ARCHS_STANDARD_64_BIT)";
				DEAD_CODE_STRIPPING = NO;
				ENABLE_BITCODE = NO;
				OTHER_CFLAGS = "-DNS_BLOCK_ASSERTIONS=1";
				USER_HEADER_SEARCH_PATHS = {{ cookiecutter.dist_dir }}/root/include/;
			};
			name = Release;
		};
/* End XCBuildConfiguration section */

/* Begin XCConfigurationList section */
		1D6058960D05DD3E006BFB54 /* Build configuration list for PBXNativeTarget "{{ cookiecutter.project_name }}" */ = {
			isa = XCConfigurationList;
			buildConfigurations = (
				1D6058940D05DD3E006BFB54 /* Debug */,
				1D6058950D05DD3E006BFB54 /* Release */,
			);
			defaultConfigurationIsVisible = 0;
			defaultConfigurationName = Release;
		};
		C01FCF4E08A954540054247B /* Build configuration list for PBXProject "{{ cookiecutter.project_name }}" */ = {
			isa = XCConfigurationList;
			buildConfigurations = (
				C01FCF4F08A954540054247B /* Debug */,
				C01FCF5008A954540054247B /* Release */,
			);
			defaultConfigurationIsVisible = 0;
			defaultConfigurationName = Release;
		};
/* End XCConfigurationList section */
	};
	rootObject = 29B97313FDCFA39411CA2CEA /* Project object */;
}
