// !$*UTF8*$!
{
	archiveVersion = 1;
	classes = {
	};
	objectVersion = 46;
	objects = {

/* Begin PBXBuildFile section */
		010731C2137F20B800A8D3A0 /* AudioToolbox.framework in Frameworks */ = {isa = PBXBuildFile; fileRef = 010731C1137F20B800A8D3A0 /* AudioToolbox.framework */; };
		010731C4137F20C300A8D3A0 /* QuartzCore.framework in Frameworks */ = {isa = PBXBuildFile; fileRef = 010731C3137F20C300A8D3A0 /* QuartzCore.framework */; };
		01532DAA137C099F0076F6BF /* icon.png in Resources */ = {isa = PBXBuildFile; fileRef = 01532DA9137C099F0076F6BF /* icon.png */; };
		01790B81137E5ED900E037D1 /* OpenGLES.framework in Frameworks */ = {isa = PBXBuildFile; fileRef = 01790B7A137E5ED900E037D1 /* OpenGLES.framework */; };
		12021725181F13DE00466F76 /* kivy-ios-fat.a in Frameworks */ = {isa = PBXBuildFile; fileRef = 12021724181F13DE00466F76 /* kivy-ios-fat.a */; };
		1D60589B0D05DD56006BFB54 /* main.m in Sources */ = {isa = PBXBuildFile; fileRef = 29B97316FDCFA39411CA2CEA /* main.m */; };
		1D60589F0D05DD5A006BFB54 /* Foundation.framework in Frameworks */ = {isa = PBXBuildFile; fileRef = 1D30AB110D05D00D00671497 /* Foundation.framework */; };
		1DF5F4E00D08C38300B7A737 /* UIKit.framework in Frameworks */ = {isa = PBXBuildFile; fileRef = 1DF5F4DF0D08C38300B7A737 /* UIKit.framework */; };
		288765FD0DF74451002DB57D /* CoreGraphics.framework in Frameworks */ = {isa = PBXBuildFile; fileRef = 288765FC0DF74451002DB57D /* CoreGraphics.framework */; };
		2CB5F34417D51580006187AB /* CoreMotion.framework in Frameworks */ = {isa = PBXBuildFile; fileRef = 2CB5F34317D51580006187AB /* CoreMotion.framework */; };
		596C7514150CFC75003F57D9 /* include in Resources */ = {isa = PBXBuildFile; fileRef = 596C7513150CFC75003F57D9 /* include */; };
		5983EC97163CB90D00475EFB /* libsqlite3.dylib in Frameworks */ = {isa = PBXBuildFile; fileRef = 5983EC96163CB90D00475EFB /* libsqlite3.dylib */; };
		59994D8D148D48E300863906 /* ImageIO.framework in Frameworks */ = {isa = PBXBuildFile; fileRef = 59994D8C148D48E300863906 /* ImageIO.framework */; };
		59994D90148D686900863906 /* libbz2.dylib in Frameworks */ = {isa = PBXBuildFile; fileRef = 59994D8F148D686900863906 /* libbz2.dylib */; };
		59994D9E148E353000863906 /* libz.dylib in Frameworks */ = {isa = PBXBuildFile; fileRef = 59994D9D148E352F00863906 /* libz.dylib */; };
		59994DB3148E564400863906 /* lib in Resources */ = {isa = PBXBuildFile; fileRef = 59994DB2148E564400863906 /* lib */; };
		59994E3B148E85C800863906 /* YourApp in Resources */ = {isa = PBXBuildFile; fileRef = 59994E3A148E85C800863906 /* YourApp */; };
		59ED7D0B150E325100A92BEE /* MessageUI.framework in Frameworks */ = {isa = PBXBuildFile; fileRef = 59ED7D0A150E325100A92BEE /* MessageUI.framework */; };
/* End PBXBuildFile section */

/* Begin PBXFileReference section */
		010731C1137F20B800A8D3A0 /* AudioToolbox.framework */ = {isa = PBXFileReference; lastKnownFileType = wrapper.framework; name = AudioToolbox.framework; path = System/Library/Frameworks/AudioToolbox.framework; sourceTree = SDKROOT; };
		010731C3137F20C300A8D3A0 /* QuartzCore.framework */ = {isa = PBXFileReference; lastKnownFileType = wrapper.framework; name = QuartzCore.framework; path = System/Library/Frameworks/QuartzCore.framework; sourceTree = SDKROOT; };
		01532DA9137C099F0076F6BF /* icon.png */ = {isa = PBXFileReference; lastKnownFileType = image.png; path = icon.png; sourceTree = "<group>"; };
		01790B7A137E5ED900E037D1 /* OpenGLES.framework */ = {isa = PBXFileReference; lastKnownFileType = wrapper.framework; name = OpenGLES.framework; path = System/Library/Frameworks/OpenGLES.framework; sourceTree = SDKROOT; };
		12021724181F13DE00466F76 /* kivy-ios-fat.a */ = {isa = PBXFileReference; lastKnownFileType = archive.ar; name = "kivy-ios-fat.a"; path = "../build/lib/kivy-ios-fat.a"; sourceTree = "<group>"; };
		1D30AB110D05D00D00671497 /* Foundation.framework */ = {isa = PBXFileReference; lastKnownFileType = wrapper.framework; name = Foundation.framework; path = System/Library/Frameworks/Foundation.framework; sourceTree = SDKROOT; };
		1DF5F4DF0D08C38300B7A737 /* UIKit.framework */ = {isa = PBXFileReference; lastKnownFileType = wrapper.framework; name = UIKit.framework; path = System/Library/Frameworks/UIKit.framework; sourceTree = SDKROOT; };
		288765FC0DF74451002DB57D /* CoreGraphics.framework */ = {isa = PBXFileReference; lastKnownFileType = wrapper.framework; name = CoreGraphics.framework; path = System/Library/Frameworks/CoreGraphics.framework; sourceTree = SDKROOT; };
		29B97316FDCFA39411CA2CEA /* main.m */ = {isa = PBXFileReference; fileEncoding = 4; lastKnownFileType = sourcecode.c.objc; path = main.m; sourceTree = "<group>"; };
		2CB5F34317D51580006187AB /* CoreMotion.framework */ = {isa = PBXFileReference; lastKnownFileType = wrapper.framework; name = CoreMotion.framework; path = System/Library/Frameworks/CoreMotion.framework; sourceTree = SDKROOT; };
		596C7513150CFC75003F57D9 /* include */ = {isa = PBXFileReference; lastKnownFileType = folder; name = include; path = ../build/python/embed/include; sourceTree = "<group>"; };
		5983EC96163CB90D00475EFB /* libsqlite3.dylib */ = {isa = PBXFileReference; lastKnownFileType = "compiled.mach-o.dylib"; name = libsqlite3.dylib; path = usr/lib/libsqlite3.dylib; sourceTree = SDKROOT; };
		59994D8C148D48E300863906 /* ImageIO.framework */ = {isa = PBXFileReference; lastKnownFileType = wrapper.framework; name = ImageIO.framework; path = System/Library/Frameworks/ImageIO.framework; sourceTree = SDKROOT; };
		59994D8F148D686900863906 /* libbz2.dylib */ = {isa = PBXFileReference; lastKnownFileType = "compiled.mach-o.dylib"; name = libbz2.dylib; path = usr/lib/libbz2.dylib; sourceTree = SDKROOT; };
		59994D9D148E352F00863906 /* libz.dylib */ = {isa = PBXFileReference; lastKnownFileType = "compiled.mach-o.dylib"; name = libz.dylib; path = usr/lib/libz.dylib; sourceTree = SDKROOT; };
		59994DB2148E564400863906 /* lib */ = {isa = PBXFileReference; lastKnownFileType = folder; name = lib; path = ../build/python/lib; sourceTree = SOURCE_ROOT; };
		59994E3A148E85C800863906 /* YourApp */ = {isa = PBXFileReference; lastKnownFileType = folder; path = YourApp; sourceTree = "<group>"; };
		59ED7D0A150E325100A92BEE /* MessageUI.framework */ = {isa = PBXFileReference; lastKnownFileType = wrapper.framework; name = MessageUI.framework; path = System/Library/Frameworks/MessageUI.framework; sourceTree = SDKROOT; };
		8D1107310486CEB800E47090 /* tracer-Info.plist */ = {isa = PBXFileReference; fileEncoding = 4; lastKnownFileType = text.plist.xml; path = "tracer-Info.plist"; plistStructureDefinitionIdentifier = "com.apple.xcode.plist.structure-definition.iphone.info-plist"; sourceTree = "<group>"; };
		1D6058910D05DD3D006BFB54 /* ##APPNAME##.app */ = {isa = PBXFileReference; explicitFileType = wrapper.application; includeInIndex = 0; path = ##APPNAME##.app; sourceTree = BUILT_PRODUCTS_DIR; };
		8D1107310486CEB800E47090 /* ##APPID##-Info.plist */ = {isa = PBXFileReference; fileEncoding = 4; lastKnownFileType = text.plist.xml; path = "##APPID##-Info.plist"; plistStructureDefinitionIdentifier = "com.apple.xcode.plist.structure-definition.iphone.info-plist"; sourceTree = "<group>"; };
/* End PBXFileReference section */

/* Begin PBXFrameworksBuildPhase section */
		1D60588F0D05DD3D006BFB54 /* Frameworks */ = {
			isa = PBXFrameworksBuildPhase;
			buildActionMask = 2147483647;
			files = (
				2CB5F34417D51580006187AB /* CoreMotion.framework in Frameworks */,
				12021725181F13DE00466F76 /* kivy-ios-fat.a in Frameworks */,
				5983EC97163CB90D00475EFB /* libsqlite3.dylib in Frameworks */,
				59ED7D0B150E325100A92BEE /* MessageUI.framework in Frameworks */,
				59994D90148D686900863906 /* libbz2.dylib in Frameworks */,
				59994D9E148E353000863906 /* libz.dylib in Frameworks */,
				59994D8D148D48E300863906 /* ImageIO.framework in Frameworks */,
				1D60589F0D05DD5A006BFB54 /* Foundation.framework in Frameworks */,
				1DF5F4E00D08C38300B7A737 /* UIKit.framework in Frameworks */,
				288765FD0DF74451002DB57D /* CoreGraphics.framework in Frameworks */,
				01790B81137E5ED900E037D1 /* OpenGLES.framework in Frameworks */,
				010731C2137F20B800A8D3A0 /* AudioToolbox.framework in Frameworks */,
				010731C4137F20C300A8D3A0 /* QuartzCore.framework in Frameworks */,
			);
			runOnlyForDeploymentPostprocessing = 0;
		};
/* End PBXFrameworksBuildPhase section */
/* Begin PBXGroup section */
		080E96DDFE201D6D7F000001 /* Classes */ = {
			isa = PBXGroup;
			children = (
				2CB5F34517D5233A006187AB /* bridge.h */,
				2CB5F34617D5233A006187AB /* bridge.m */,
			);
			path = Classes;
			sourceTree = "<group>";
		};
		19C28FACFE9D520D11CA2CBB /* Products */ = {
			isa = PBXGroup;
			children = (
				1D6058910D05DD3D006BFB54 /* ##APPNAME##.app */,
			);
			name = Products;
			sourceTree = "<group>";
		};
		29B97314FDCFA39411CA2CEA /* CustomTemplate */ = {
			isa = PBXGroup;
			children = (
				080E96DDFE201D6D7F000001 /* Classes */,
				29B97315FDCFA39411CA2CEA /* Other Sources */,
				29B97317FDCFA39411CA2CEA /* Resources */,
				29B97323FDCFA39411CA2CEA /* Frameworks */,
				19C28FACFE9D520D11CA2CBB /* Products */,
			);
			name = CustomTemplate;
			sourceTree = "<group>";
		};
		29B97315FDCFA39411CA2CEA /* Other Sources */ = {
			isa = PBXGroup;
			children = (
				596C7513150CFC75003F57D9 /* include */,
				29B97316FDCFA39411CA2CEA /* main.m */,
			);
			name = "Other Sources";
			sourceTree = "<group>";
		};
		29B97317FDCFA39411CA2CEA /* Resources */ = {
			isa = PBXGroup;
			children = (
				59994DB2148E564400863906 /* lib */,
				59994E3A148E85C800863906 /* YourApp */,
				01532DA9137C099F0076F6BF /* icon.png */,
				8D1107310486CEB800E47090 /* ##APPID##-Info.plist */,
			);
			name = Resources;
			sourceTree = "<group>";
		};
		29B97323FDCFA39411CA2CEA /* Frameworks */ = {
			isa = PBXGroup;
			children = (
				12021724181F13DE00466F76 /* kivy-ios-fat.a */,
				2CB5F34317D51580006187AB /* CoreMotion.framework */,
				5983EC96163CB90D00475EFB /* libsqlite3.dylib */,
				59994D9D148E352F00863906 /* libz.dylib */,
				59994D8F148D686900863906 /* libbz2.dylib */,
				59994D8C148D48E300863906 /* ImageIO.framework */,
				59ED7D0A150E325100A92BEE /* MessageUI.framework */,
				010731C1137F20B800A8D3A0 /* AudioToolbox.framework */,
				010731C3137F20C300A8D3A0 /* QuartzCore.framework */,
				01790B7A137E5ED900E037D1 /* OpenGLES.framework */,
				1DF5F4DF0D08C38300B7A737 /* UIKit.framework */,
				1D30AB110D05D00D00671497 /* Foundation.framework */,
				288765FC0DF74451002DB57D /* CoreGraphics.framework */,			);
			name = Frameworks;
			sourceTree = "<group>";
		};
/* End PBXGroup section */

/* Begin PBXNativeTarget section */
		1D6058900D05DD3D006BFB54 /* ##APPNAME## */ = {
			isa = PBXNativeTarget;
			buildConfigurationList = 1D6058960D05DD3E006BFB54 /* Build configuration list for PBXNativeTarget "##APPID##" */;
			buildPhases = (
				113D17E2153E3DB5001310A5 /* ShellScript */,
				1D60588D0D05DD3D006BFB54 /* Resources */,
				1D60588E0D05DD3D006BFB54 /* Sources */,
				1D60588F0D05DD3D006BFB54 /* Frameworks */,
			);
			buildRules = (
			);
			dependencies = (
			);
			name = ##APPID##;
			productName = ##APPID##;
			productReference = 1D6058910D05DD3D006BFB54 /* ##APPNAME##.app */;
			productType = "com.apple.product-type.application";
		};
/* End PBXNativeTarget section */

/* Begin PBXProject section */
		29B97313FDCFA39411CA2CEA /* Project object */ = {
			isa = PBXProject;
			attributes = {
				LastUpgradeCheck = 0420;
			};
			buildConfigurationList = C01FCF4E08A954540054247B /* Build configuration list for PBXProject "##APPID##" */;
			compatibilityVersion = "Xcode 3.2";
			developmentRegion = English;
			hasScannedForEncodings = 1;
			knownRegions = (
				English,
				Japanese,
				French,
				German,
			);
			mainGroup = 29B97314FDCFA39411CA2CEA /* CustomTemplate */;
			projectDirPath = "";
			projectRoot = "";
			targets = (
				1D6058900D05DD3D006BFB54 /* ##APPID## */,
			);
		};
/* End PBXProject section */

/* Begin PBXResourcesBuildPhase section */
		1D60588D0D05DD3D006BFB54 /* Resources */ = {
			isa = PBXResourcesBuildPhase;
			buildActionMask = 2147483647;
			files = (
				01532DAA137C099F0076F6BF /* icon.png in Resources */,
				59994DB3148E564400863906 /* lib in Resources */,
				59994E3B148E85C800863906 /* YourApp in Resources */,
				596C7514150CFC75003F57D9 /* include in Resources */,
			);
			runOnlyForDeploymentPostprocessing = 0;
		};
/* End PBXResourcesBuildPhase section */

/* Begin PBXShellScriptBuildPhase section */
		113D17E2153E3DB5001310A5 /* ShellScript */ = {
			isa = PBXShellScriptBuildPhase;
			buildActionMask = 12;
			files = (
			);
			inputPaths = (
			);
			outputPaths = (
			);
			runOnlyForDeploymentPostprocessing = 0;
			shellPath = /bin/bash;
			shellScript = "../tools/populate-project.sh ##APPNAME## ##SRCDIR## ";
		};
/* End PBXShellScriptBuildPhase section */

/* Begin PBXSourcesBuildPhase section */
		1D60588E0D05DD3D006BFB54 /* Sources */ = {
			isa = PBXSourcesBuildPhase;
			buildActionMask = 2147483647;
			files = (
				1D60589B0D05DD56006BFB54 /* main.m in Sources */,
				2CB5F34717D5233A006187AB /* bridge.m in Sources */,
			);
			runOnlyForDeploymentPostprocessing = 0;
		};
/* End PBXSourcesBuildPhase section */

/* Begin XCBuildConfiguration section */
		1D6058940D05DD3E006BFB54 /* Debug */ = {
			isa = XCBuildConfiguration;
			buildSettings = {
				ALWAYS_SEARCH_USER_PATHS = NO;
				ARCHS = "$(ARCHS_STANDARD_32_BIT)";
				CODE_SIGN_IDENTITY = "iPhone Developer";
				"CODE_SIGN_IDENTITY[sdk=iphoneos*]" = "iPhone Developer";
				COPY_PHASE_STRIP = NO;
				GCC_DYNAMIC_NO_PIC = NO;
				GCC_OPTIMIZATION_LEVEL = 0;
				GCC_PRECOMPILE_PREFIX_HEADER = YES;
				GCC_PREFIX_HEADER = "";
				GCC_PREPROCESSOR_DEFINITIONS = "DEBUG=1";
				GCC_VERSION = com.apple.compilers.llvm.clang.1_0;
				HEADER_SEARCH_PATHS = (
					"\"$(PROJECT_DIR)/../build/include\"",
					"\"$(PROJECT_DIR)/../build/python/include\"",
				);
				INFOPLIST_FILE = "##APPID##-Info.plist";
				IPHONEOS_DEPLOYMENT_TARGET = ##SDKVER##;
				LIBRARY_SEARCH_PATHS = (
					"$(inherited)",
					"\"$(PROJECT_DIR)/../build/lib\"",
				);
				ONLY_ACTIVE_ARCH = NO;
				OTHER_LDFLAGS = "-all_load";
				PRODUCT_NAME = ##APPNAME##;
				PROVISIONING_PROFILE = "";
				"PROVISIONING_PROFILE[sdk=iphoneos*]" = "";
				SDKROOT = iphoneos;
				STRIP_INSTALLED_PRODUCT = NO;
				USER_HEADER_SEARCH_PATHS = "";
			};
			name = Debug;
		};
		1D6058950D05DD3E006BFB54 /* Release */ = {
			isa = XCBuildConfiguration;
			buildSettings = {
				ALWAYS_SEARCH_USER_PATHS = NO;
				ARCHS = "$(ARCHS_STANDARD_32_BIT)";
				CODE_SIGN_IDENTITY = "iPhone Developer";
				"CODE_SIGN_IDENTITY[sdk=iphoneos*]" = "iPhone Developer";
				COPY_PHASE_STRIP = NO;
				GCC_PRECOMPILE_PREFIX_HEADER = YES;
				GCC_PREFIX_HEADER = "";
				GCC_VERSION = com.apple.compilers.llvm.clang.1_0;
				HEADER_SEARCH_PATHS = (
					"\"$(PROJECT_DIR)/../build/include\"",
					"\"$(PROJECT_DIR)/../build/python/include\"",
				);
				INFOPLIST_FILE = "##APPID##-Info.plist";
				IPHONEOS_DEPLOYMENT_TARGET = ##SDKVER##;
				LIBRARY_SEARCH_PATHS = (
					"$(inherited)",
					"\"$(PROJECT_DIR)/../build/lib\"",
				);
				OTHER_LDFLAGS = "-all_load";
				PRODUCT_NAME = ##APPNAME##;
				PROVISIONING_PROFILE = "";
				"PROVISIONING_PROFILE[sdk=iphoneos*]" = "";
				SDKROOT = iphoneos;
				SKIP_INSTALL = NO;
				STRIP_INSTALLED_PRODUCT = NO;
				VALIDATE_PRODUCT = YES;
			};
			name = Release;
		};
		C01FCF4F08A954540054247B /* Debug */ = {
			isa = XCBuildConfiguration;
			buildSettings = {
				ARCHS = "$(ARCHS_STANDARD_32_BIT)";
				CODE_SIGN_IDENTITY = "iPhone Developer";
				"CODE_SIGN_IDENTITY[sdk=iphoneos*]" = "iPhone Developer";
				COPY_PHASE_STRIP = YES;
				DEAD_CODE_STRIPPING = NO;
				GCC_C_LANGUAGE_STANDARD = c99;
				GCC_VERSION = com.apple.compilers.llvmgcc42;
				GCC_WARN_ABOUT_RETURN_TYPE = YES;
				GCC_WARN_UNUSED_VARIABLE = YES;
				HEADER_SEARCH_PATHS = "";
				IPHONEOS_DEPLOYMENT_TARGET = ##SDKVER##;
				ONLY_ACTIVE_ARCH = YES;
				PROVISIONING_PROFILE = "";
				"PROVISIONING_PROFILE[sdk=iphoneos*]" = "";
				SDKROOT = iphoneos;
				STRIP_INSTALLED_PRODUCT = YES;
				STRIP_STYLE = all;
				SUPPORTED_PLATFORMS = "iphonesimulator iphoneos";
				TARGETED_DEVICE_FAMILY = 2;
				VALID_ARCHS = armv7;
			};
			name = Debug;
		};
		C01FCF5008A954540054247B /* Release */ = {
			isa = XCBuildConfiguration;
			buildSettings = {
				ARCHS = "$(ARCHS_STANDARD_32_BIT)";
				CODE_SIGN_IDENTITY = "iPhone Developer";
				"CODE_SIGN_IDENTITY[sdk=iphoneos*]" = "iPhone Developer";
				COPY_PHASE_STRIP = YES;
				DEAD_CODE_STRIPPING = NO;
				GCC_C_LANGUAGE_STANDARD = c99;
				GCC_VERSION = com.apple.compilers.llvmgcc42;
				GCC_WARN_ABOUT_RETURN_TYPE = YES;
				GCC_WARN_UNUSED_VARIABLE = YES;
				IPHONEOS_DEPLOYMENT_TARGET = ##SDKVER##;
				ONLY_ACTIVE_ARCH = YES;
				OTHER_CFLAGS = "-DNS_BLOCK_ASSERTIONS=1";
				PROVISIONING_PROFILE = "";
				"PROVISIONING_PROFILE[sdk=iphoneos*]" = "";
				SDKROOT = iphoneos;
				STRIP_INSTALLED_PRODUCT = YES;
				SUPPORTED_PLATFORMS = "iphonesimulator iphoneos";
				TARGETED_DEVICE_FAMILY = 2;
				USER_HEADER_SEARCH_PATHS = "";
				VALID_ARCHS = armv7;
			};
			name = Release;
		};
/* End XCBuildConfiguration section */

/* Begin XCConfigurationList section */
		1D6058960D05DD3E006BFB54 /* Build configuration list for PBXNativeTarget "##APPID##" */ = {
			isa = XCConfigurationList;
			buildConfigurations = (
				1D6058940D05DD3E006BFB54 /* Debug */,
				1D6058950D05DD3E006BFB54 /* Release */,
			);
			defaultConfigurationIsVisible = 0;
			defaultConfigurationName = Release;
		};
		C01FCF4E08A954540054247B /* Build configuration list for PBXProject "##APPID##" */ = {
			isa = XCConfigurationList;
			buildConfigurations = (
				C01FCF4F08A954540054247B /* Debug */,
				C01FCF5008A954540054247B /* Release */,
			);
			defaultConfigurationIsVisible = 0;
			defaultConfigurationName = Release;
		};
/* End XCConfigurationList section */
	};
	rootObject = 29B97313FDCFA39411CA2CEA /* Project object */;
}
